[[dependencies]]
name = "@openzeppelin-contracts-3.4.2"
version = "3.4.2"
source = "https://soldeer-revisions.s3.amazonaws.com/@openzeppelin-contracts/3_4_2_22-01-2024_13:13:07_contracts.zip"
checksum = "c3e91cd93e0a426a5d4e37095d6e7f73791b0fcf28074194bd00f3eb879ff4ca"
integrity = "1aa108bd1b99f27e371035c5fc1f6d9c1b0b74e9f2c54a4d7a16c613966dc72b"

[[dependencies]]
name = "@openzeppelin-contracts"
version = "4.9.6"
source = "https://soldeer-revisions.s3.amazonaws.com/@openzeppelin-contracts/4_9_6_14-03-2024_06:11:55_contracts.zip"
checksum = "57f2cae4b45b91b0847e58c36ea70aee0fb3212cc09b47279627f0764f87e5ee"
integrity = "861134d6a3739362ce5ef6541538e23ca1df10ec47151f105057bea0bb710330"

[[dependencies]]
name = "ethernaut"
version = "v1"
source = "https://github.com/OpenZeppelin/ethernaut.git"
checksum = "06dc0b48d9113b06f1e114baf2d1c40ecb432d41"

[[dependencies]]
name = "forge-std"
version = "1.9.2"
source = "https://soldeer-revisions.s3.amazonaws.com/forge-std/1_9_2_06-08-2024_17:31:25_forge-std-1.9.2.zip"
checksum = "20fd008c7c69b6c737cc0284469d1c76497107bc3e004d8381f6d8781cb27980"
integrity = "f49457fb6591f0dfd8b59e02e6eb4508a115ef08a86b0803feb0a3939d82d783"
